// !$*UTF8*$!
{
	archiveVersion = 1;
	classes = {
	};
	objectVersion = 50;
	objects = {

/* Begin PBXBuildFile section */
		52D07C452658537D00A0CF52 /* Love_QuestionsApp.swift in Sources */ = {isa = PBXBuildFile; fileRef = 52D07C322658537B00A0CF52 /* Love_QuestionsApp.swift */; };
		52D07C462658537D00A0CF52 /* Love_QuestionsApp.swift in Sources */ = {isa = PBXBuildFile; fileRef = 52D07C322658537B00A0CF52 /* Love_QuestionsApp.swift */; };
		52D07C472658537D00A0CF52 /* ContentView.swift in Sources */ = {isa = PBXBuildFile; fileRef = 52D07C332658537B00A0CF52 /* ContentView.swift */; };
		52D07C482658537D00A0CF52 /* ContentView.swift in Sources */ = {isa = PBXBuildFile; fileRef = 52D07C332658537B00A0CF52 /* ContentView.swift */; };
		52D07C492658537D00A0CF52 /* Assets.xcassets in Resources */ = {isa = PBXBuildFile; fileRef = 52D07C342658537C00A0CF52 /* Assets.xcassets */; };
		52D07C4A2658537D00A0CF52 /* Assets.xcassets in Resources */ = {isa = PBXBuildFile; fileRef = 52D07C342658537C00A0CF52 /* Assets.xcassets */; };
/* End PBXBuildFile section */

/* Begin PBXFileReference section */
		52D07C322658537B00A0CF52 /* Love_QuestionsApp.swift */ = {isa = PBXFileReference; lastKnownFileType = sourcecode.swift; path = Love_QuestionsApp.swift; sourceTree = "<group>"; };
		52D07C332658537B00A0CF52 /* ContentView.swift */ = {isa = PBXFileReference; lastKnownFileType = sourcecode.swift; path = ContentView.swift; sourceTree = "<group>"; };
		52D07C342658537C00A0CF52 /* Assets.xcassets */ = {isa = PBXFileReference; lastKnownFileType = folder.assetcatalog; path = Assets.xcassets; sourceTree = "<group>"; };
		52D07C392658537C00A0CF52 /* Love Questions.app */ = {isa = PBXFileReference; explicitFileType = wrapper.application; includeInIndex = 0; path = "Love Questions.app"; sourceTree = BUILT_PRODUCTS_DIR; };
		52D07C3C2658537C00A0CF52 /* Info.plist */ = {isa = PBXFileReference; lastKnownFileType = text.plist.xml; path = Info.plist; sourceTree = "<group>"; };
		52D07C412658537D00A0CF52 /* Love Questions.app */ = {isa = PBXFileReference; explicitFileType = wrapper.application; includeInIndex = 0; path = "Love Questions.app"; sourceTree = BUILT_PRODUCTS_DIR; };
		52D07C432658537D00A0CF52 /* Info.plist */ = {isa = PBXFileReference; lastKnownFileType = text.plist.xml; path = Info.plist; sourceTree = "<group>"; };
		52D07C442658537D00A0CF52 /* macOS.entitlements */ = {isa = PBXFileReference; lastKnownFileType = text.plist.entitlements; path = macOS.entitlements; sourceTree = "<group>"; };
/* End PBXFileReference section */

/* Begin PBXFrameworksBuildPhase section */
		52D07C362658537C00A0CF52 /* Frameworks */ = {
			isa = PBXFrameworksBuildPhase;
			buildActionMask = 2147483647;
			files = (
			);
			runOnlyForDeploymentPostprocessing = 0;
		};
		52D07C3E2658537D00A0CF52 /* Frameworks */ = {
			isa = PBXFrameworksBuildPhase;
			buildActionMask = 2147483647;
			files = (
			);
			runOnlyForDeploymentPostprocessing = 0;
		};
/* End PBXFrameworksBuildPhase section */

/* Begin PBXGroup section */
		52D07C2C2658537B00A0CF52 = {
			isa = PBXGroup;
			children = (
				52D07C312658537B00A0CF52 /* Shared */,
				52D07C3B2658537C00A0CF52 /* iOS */,
				52D07C422658537D00A0CF52 /* macOS */,
				52D07C3A2658537C00A0CF52 /* Products */,
			);
			sourceTree = "<group>";
		};
		52D07C312658537B00A0CF52 /* Shared */ = {
			isa = PBXGroup;
			children = (
				52D07C322658537B00A0CF52 /* Love_QuestionsApp.swift */,
				52D07C332658537B00A0CF52 /* ContentView.swift */,
				52D07C342658537C00A0CF52 /* Assets.xcassets */,
			);
			path = Shared;
			sourceTree = "<group>";
		};
		52D07C3A2658537C00A0CF52 /* Products */ = {
			isa = PBXGroup;
			children = (
				52D07C392658537C00A0CF52 /* Love Questions.app */,
				52D07C412658537D00A0CF52 /* Love Questions.app */,
			);
			name = Products;
			sourceTree = "<group>";
		};
		52D07C3B2658537C00A0CF52 /* iOS */ = {
			isa = PBXGroup;
			children = (
				52D07C3C2658537C00A0CF52 /* Info.plist */,
			);
			path = iOS;
			sourceTree = "<group>";
		};
		52D07C422658537D00A0CF52 /* macOS */ = {
			isa = PBXGroup;
			children = (
				52D07C432658537D00A0CF52 /* Info.plist */,
				52D07C442658537D00A0CF52 /* macOS.entitlements */,
			);
			path = macOS;
			sourceTree = "<group>";
		};
/* End PBXGroup section */

/* Begin PBXNativeTarget section */
		52D07C382658537C00A0CF52 /* Love Questions (iOS) */ = {
			isa = PBXNativeTarget;
			buildConfigurationList = 52D07C4D2658537D00A0CF52 /* Build configuration list for PBXNativeTarget "Love Questions (iOS)" */;
			buildPhases = (
				52D07C352658537C00A0CF52 /* Sources */,
				52D07C362658537C00A0CF52 /* Frameworks */,
				52D07C372658537C00A0CF52 /* Resources */,
			);
			buildRules = (
			);
			dependencies = (
			);
			name = "Love Questions (iOS)";
			productName = "Love Questions (iOS)";
			productReference = 52D07C392658537C00A0CF52 /* Love Questions.app */;
			productType = "com.apple.product-type.application";
		};
		52D07C402658537D00A0CF52 /* Love Questions (macOS) */ = {
			isa = PBXNativeTarget;
			buildConfigurationList = 52D07C502658537D00A0CF52 /* Build configuration list for PBXNativeTarget "Love Questions (macOS)" */;
			buildPhases = (
				52D07C3D2658537D00A0CF52 /* Sources */,
				52D07C3E2658537D00A0CF52 /* Frameworks */,
				52D07C3F2658537D00A0CF52 /* Resources */,
			);
			buildRules = (
			);
			dependencies = (
			);
			name = "Love Questions (macOS)";
			productName = "Love Questions (macOS)";
			productReference = 52D07C412658537D00A0CF52 /* Love Questions.app */;
			productType = "com.apple.product-type.application";
		};
/* End PBXNativeTarget section */

/* Begin PBXProject section */
		52D07C2D2658537B00A0CF52 /* Project object */ = {
			isa = PBXProject;
			attributes = {
				LastSwiftUpdateCheck = 1240;
				LastUpgradeCheck = 1240;
				TargetAttributes = {
					52D07C382658537C00A0CF52 = {
						CreatedOnToolsVersion = 12.4;
					};
					52D07C402658537D00A0CF52 = {
						CreatedOnToolsVersion = 12.4;
					};
				};
			};
			buildConfigurationList = 52D07C302658537B00A0CF52 /* Build configuration list for PBXProject "Love Questions" */;
			compatibilityVersion = "Xcode 9.3";
			developmentRegion = en;
			hasScannedForEncodings = 0;
			knownRegions = (
				en,
				Base,
			);
			mainGroup = 52D07C2C2658537B00A0CF52;
			productRefGroup = 52D07C3A2658537C00A0CF52 /* Products */;
			projectDirPath = "";
			projectRoot = "";
			targets = (
				52D07C382658537C00A0CF52 /* Love Questions (iOS) */,
				52D07C402658537D00A0CF52 /* Love Questions (macOS) */,
			);
		};
/* End PBXProject section */

/* Begin PBXResourcesBuildPhase section */
		52D07C372658537C00A0CF52 /* Resources */ = {
			isa = PBXResourcesBuildPhase;
			buildActionMask = 2147483647;
			files = (
				52D07C492658537D00A0CF52 /* Assets.xcassets in Resources */,
			);
			runOnlyForDeploymentPostprocessing = 0;
		};
		52D07C3F2658537D00A0CF52 /* Resources */ = {
			isa = PBXResourcesBuildPhase;
			buildActionMask = 2147483647;
			files = (
				52D07C4A2658537D00A0CF52 /* Assets.xcassets in Resources */,
			);
			runOnlyForDeploymentPostprocessing = 0;
		};
/* End PBXResourcesBuildPhase section */

/* Begin PBXSourcesBuildPhase section */
		52D07C352658537C00A0CF52 /* Sources */ = {
			isa = PBXSourcesBuildPhase;
			buildActionMask = 2147483647;
			files = (
				52D07C472658537D00A0CF52 /* ContentView.swift in Sources */,
				52D07C452658537D00A0CF52 /* Love_QuestionsApp.swift in Sources */,
			);
			runOnlyForDeploymentPostprocessing = 0;
		};
		52D07C3D2658537D00A0CF52 /* Sources */ = {
			isa = PBXSourcesBuildPhase;
			buildActionMask = 2147483647;
			files = (
				52D07C482658537D00A0CF52 /* ContentView.swift in Sources */,
				52D07C462658537D00A0CF52 /* Love_QuestionsApp.swift in Sources */,
			);
			runOnlyForDeploymentPostprocessing = 0;
		};
/* End PBXSourcesBuildPhase section */

/* Begin XCBuildConfiguration section */
		52D07C4B2658537D00A0CF52 /* Debug */ = {
			isa = XCBuildConfiguration;
			buildSettings = {
				ALWAYS_SEARCH_USER_PATHS = NO;
				CLANG_ANALYZER_NONNULL = YES;
				CLANG_ANALYZER_NUMBER_OBJECT_CONVERSION = YES_AGGRESSIVE;
				CLANG_CXX_LANGUAGE_STANDARD = "gnu++14";
				CLANG_CXX_LIBRARY = "libc++";
				CLANG_ENABLE_MODULES = YES;
				CLANG_ENABLE_OBJC_ARC = YES;
				CLANG_ENABLE_OBJC_WEAK = YES;
				CLANG_WARN_BLOCK_CAPTURE_AUTORELEASING = YES;
				CLANG_WARN_BOOL_CONVERSION = YES;
				CLANG_WARN_COMMA = YES;
				CLANG_WARN_CONSTANT_CONVERSION = YES;
				CLANG_WARN_DEPRECATED_OBJC_IMPLEMENTATIONS = YES;
				CLANG_WARN_DIRECT_OBJC_ISA_USAGE = YES_ERROR;
				CLANG_WARN_DOCUMENTATION_COMMENTS = YES;
				CLANG_WARN_EMPTY_BODY = YES;
				CLANG_WARN_ENUM_CONVERSION = YES;
				CLANG_WARN_INFINITE_RECURSION = YES;
				CLANG_WARN_INT_CONVERSION = YES;
				CLANG_WARN_NON_LITERAL_NULL_CONVERSION = YES;
				CLANG_WARN_OBJC_IMPLICIT_RETAIN_SELF = YES;
				CLANG_WARN_OBJC_LITERAL_CONVERSION = YES;
				CLANG_WARN_OBJC_ROOT_CLASS = YES_ERROR;
				CLANG_WARN_QUOTED_INCLUDE_IN_FRAMEWORK_HEADER = YES;
				CLANG_WARN_RANGE_LOOP_ANALYSIS = YES;
				CLANG_WARN_STRICT_PROTOTYPES = YES;
				CLANG_WARN_SUSPICIOUS_MOVE = YES;
				CLANG_WARN_UNGUARDED_AVAILABILITY = YES_AGGRESSIVE;
				CLANG_WARN_UNREACHABLE_CODE = YES;
				CLANG_WARN__DUPLICATE_METHOD_MATCH = YES;
				COPY_PHASE_STRIP = NO;
				DEBUG_INFORMATION_FORMAT = dwarf;
				ENABLE_STRICT_OBJC_MSGSEND = YES;
				ENABLE_TESTABILITY = YES;
				GCC_C_LANGUAGE_STANDARD = gnu11;
				GCC_DYNAMIC_NO_PIC = NO;
				GCC_NO_COMMON_BLOCKS = YES;
				GCC_OPTIMIZATION_LEVEL = 0;
				GCC_PREPROCESSOR_DEFINITIONS = (
					"DEBUG=1",
					"$(inherited)",
				);
				GCC_WARN_64_TO_32_BIT_CONVERSION = YES;
				GCC_WARN_ABOUT_RETURN_TYPE = YES_ERROR;
				GCC_WARN_UNDECLARED_SELECTOR = YES;
				GCC_WARN_UNINITIALIZED_AUTOS = YES_AGGRESSIVE;
				GCC_WARN_UNUSED_FUNCTION = YES;
				GCC_WARN_UNUSED_VARIABLE = YES;
				MTL_ENABLE_DEBUG_INFO = INCLUDE_SOURCE;
				MTL_FAST_MATH = YES;
				ONLY_ACTIVE_ARCH = YES;
				SWIFT_ACTIVE_COMPILATION_CONDITIONS = DEBUG;
				SWIFT_OPTIMIZATION_LEVEL = "-Onone";
			};
			name = Debug;
		};
		52D07C4C2658537D00A0CF52 /* Release */ = {
			isa = XCBuildConfiguration;
			buildSettings = {
				ALWAYS_SEARCH_USER_PATHS = NO;
				CLANG_ANALYZER_NONNULL = YES;
				CLANG_ANALYZER_NUMBER_OBJECT_CONVERSION = YES_AGGRESSIVE;
				CLANG_CXX_LANGUAGE_STANDARD = "gnu++14";
				CLANG_CXX_LIBRARY = "libc++";
				CLANG_ENABLE_MODULES = YES;
				CLANG_ENABLE_OBJC_ARC = YES;
				CLANG_ENABLE_OBJC_WEAK = YES;
				CLANG_WARN_BLOCK_CAPTURE_AUTORELEASING = YES;
				CLANG_WARN_BOOL_CONVERSION = YES;
				CLANG_WARN_COMMA = YES;
				CLANG_WARN_CONSTANT_CONVERSION = YES;
				CLANG_WARN_DEPRECATED_OBJC_IMPLEMENTATIONS = YES;
				CLANG_WARN_DIRECT_OBJC_ISA_USAGE = YES_ERROR;
				CLANG_WARN_DOCUMENTATION_COMMENTS = YES;
				CLANG_WARN_EMPTY_BODY = YES;
				CLANG_WARN_ENUM_CONVERSION = YES;
				CLANG_WARN_INFINITE_RECURSION = YES;
				CLANG_WARN_INT_CONVERSION = YES;
				CLANG_WARN_NON_LITERAL_NULL_CONVERSION = YES;
				CLANG_WARN_OBJC_IMPLICIT_RETAIN_SELF = YES;
				CLANG_WARN_OBJC_LITERAL_CONVERSION = YES;
				CLANG_WARN_OBJC_ROOT_CLASS = YES_ERROR;
				CLANG_WARN_QUOTED_INCLUDE_IN_FRAMEWORK_HEADER = YES;
				CLANG_WARN_RANGE_LOOP_ANALYSIS = YES;
				CLANG_WARN_STRICT_PROTOTYPES = YES;
				CLANG_WARN_SUSPICIOUS_MOVE = YES;
				CLANG_WARN_UNGUARDED_AVAILABILITY = YES_AGGRESSIVE;
				CLANG_WARN_UNREACHABLE_CODE = YES;
				CLANG_WARN__DUPLICATE_METHOD_MATCH = YES;
				COPY_PHASE_STRIP = NO;
				DEBUG_INFORMATION_FORMAT = "dwarf-with-dsym";
				ENABLE_NS_ASSERTIONS = NO;
				ENABLE_STRICT_OBJC_MSGSEND = YES;
				GCC_C_LANGUAGE_STANDARD = gnu11;
				GCC_NO_COMMON_BLOCKS = YES;
				GCC_WARN_64_TO_32_BIT_CONVERSION = YES;
				GCC_WARN_ABOUT_RETURN_TYPE = YES_ERROR;
				GCC_WARN_UNDECLARED_SELECTOR = YES;
				GCC_WARN_UNINITIALIZED_AUTOS = YES_AGGRESSIVE;
				GCC_WARN_UNUSED_FUNCTION = YES;
				GCC_WARN_UNUSED_VARIABLE = YES;
				MTL_ENABLE_DEBUG_INFO = NO;
				MTL_FAST_MATH = YES;
				SWIFT_COMPILATION_MODE = wholemodule;
				SWIFT_OPTIMIZATION_LEVEL = "-O";
			};
			name = Release;
		};
		52D07C4E2658537D00A0CF52 /* Debug */ = {
			isa = XCBuildConfiguration;
			buildSettings = {
				ASSETCATALOG_COMPILER_APPICON_NAME = AppIcon;
				ASSETCATALOG_COMPILER_GLOBAL_ACCENT_COLOR_NAME = AccentColor;
				CODE_SIGN_STYLE = Automatic;
				DEVELOPMENT_TEAM = RAGJ4W96S3;
				ENABLE_PREVIEWS = YES;
				INFOPLIST_FILE = iOS/Info.plist;
				IPHONEOS_DEPLOYMENT_TARGET = 14.0;
				LD_RUNPATH_SEARCH_PATHS = (
					"$(inherited)",
					"@executable_path/Frameworks",
				);
				PRODUCT_BUNDLE_IDENTIFIER = "pl.niczyja.Love-Questions";
				PRODUCT_NAME = "Love Questions";
				SDKROOT = iphoneos;
				SWIFT_VERSION = 5.0;
				TARGETED_DEVICE_FAMILY = "1,2";
			};
			name = Debug;
		};
		52D07C4F2658537D00A0CF52 /* Release */ = {
			isa = XCBuildConfiguration;
			buildSettings = {
				ASSETCATALOG_COMPILER_APPICON_NAME = AppIcon;
				ASSETCATALOG_COMPILER_GLOBAL_ACCENT_COLOR_NAME = AccentColor;
				CODE_SIGN_STYLE = Automatic;
				DEVELOPMENT_TEAM = RAGJ4W96S3;
				ENABLE_PREVIEWS = YES;
				INFOPLIST_FILE = iOS/Info.plist;
				IPHONEOS_DEPLOYMENT_TARGET = 14.0;
				LD_RUNPATH_SEARCH_PATHS = (
					"$(inherited)",
					"@executable_path/Frameworks",
				);
				PRODUCT_BUNDLE_IDENTIFIER = "pl.niczyja.Love-Questions";
				PRODUCT_NAME = "Love Questions";
				SDKROOT = iphoneos;
				SWIFT_VERSION = 5.0;
				TARGETED_DEVICE_FAMILY = "1,2";
				VALIDATE_PRODUCT = YES;
			};
			name = Release;
		};
		52D07C512658537D00A0CF52 /* Debug */ = {
			isa = XCBuildConfiguration;
			buildSettings = {
				ASSETCATALOG_COMPILER_APPICON_NAME = AppIcon;
				ASSETCATALOG_COMPILER_GLOBAL_ACCENT_COLOR_NAME = AccentColor;
				CODE_SIGN_ENTITLEMENTS = macOS/macOS.entitlements;
				CODE_SIGN_STYLE = Automatic;
				COMBINE_HIDPI_IMAGES = YES;
				DEVELOPMENT_TEAM = RAGJ4W96S3;
				ENABLE_HARDENED_RUNTIME = YES;
				ENABLE_PREVIEWS = YES;
				INFOPLIST_FILE = macOS/Info.plist;
				LD_RUNPATH_SEARCH_PATHS = (
					"$(inherited)",
					"@executable_path/../Frameworks",
				);
				MACOSX_DEPLOYMENT_TARGET = 11.0;
				PRODUCT_BUNDLE_IDENTIFIER = "pl.niczyja.Love-Questions";
				PRODUCT_NAME = "Love Questions";
				SDKROOT = macosx;
				SWIFT_VERSION = 5.0;
			};
			name = Debug;
		};
		52D07C522658537D00A0CF52 /* Release */ = {
			isa = XCBuildConfiguration;
			buildSettings = {
				ASSETCATALOG_COMPILER_APPICON_NAME = AppIcon;
				ASSETCATALOG_COMPILER_GLOBAL_ACCENT_COLOR_NAME = AccentColor;
				CODE_SIGN_ENTITLEMENTS = macOS/macOS.entitlements;
				CODE_SIGN_STYLE = Automatic;
				COMBINE_HIDPI_IMAGES = YES;
				DEVELOPMENT_TEAM = RAGJ4W96S3;
				ENABLE_HARDENED_RUNTIME = YES;
				ENABLE_PREVIEWS = YES;
				INFOPLIST_FILE = macOS/Info.plist;
				LD_RUNPATH_SEARCH_PATHS = (
					"$(inherited)",
					"@executable_path/../Frameworks",
				);
				MACOSX_DEPLOYMENT_TARGET = 11.0;
				PRODUCT_BUNDLE_IDENTIFIER = "pl.niczyja.Love-Questions";
				PRODUCT_NAME = "Love Questions";
				SDKROOT = macosx;
				SWIFT_VERSION = 5.0;
			};
			name = Release;
		};
/* End XCBuildConfiguration section */

/* Begin XCConfigurationList section */
		52D07C302658537B00A0CF52 /* Build configuration list for PBXProject "Love Questions" */ = {
			isa = XCConfigurationList;
			buildConfigurations = (
				52D07C4B2658537D00A0CF52 /* Debug */,
				52D07C4C2658537D00A0CF52 /* Release */,
			);
			defaultConfigurationIsVisible = 0;
			defaultConfigurationName = Release;
		};
		52D07C4D2658537D00A0CF52 /* Build configuration list for PBXNativeTarget "Love Questions (iOS)" */ = {
			isa = XCConfigurationList;
			buildConfigurations = (
				52D07C4E2658537D00A0CF52 /* Debug */,
				52D07C4F2658537D00A0CF52 /* Release */,
			);
			defaultConfigurationIsVisible = 0;
			defaultConfigurationName = Release;
		};
		52D07C502658537D00A0CF52 /* Build configuration list for PBXNativeTarget "Love Questions (macOS)" */ = {
			isa = XCConfigurationList;
			buildConfigurations = (
				52D07C512658537D00A0CF52 /* Debug */,
				52D07C522658537D00A0CF52 /* Release */,
			);
			defaultConfigurationIsVisible = 0;
			defaultConfigurationName = Release;
		};
/* End XCConfigurationList section */
	};
	rootObject = 52D07C2D2658537B00A0CF52 /* Project object */;
}
